
Microsoft Visual Studio Solution File, Format Version 12.00
# Visual Studio 15
VisualStudioVersion = 15.0.28010.2036
MinimumVisualStudioVersion = 10.0.40219.1
Project("{FAE04EC0-301F-11D3-BF4B-00C04F79EFBC}") = "Cake.Ftp.Tests", "Cake.Ftp.Tests\Cake.Ftp.Tests.csproj", "{58263244-85AE-4A30-B3F2-2AE8DF4AB1AA}"
EndProject
Project("{FAE04EC0-301F-11D3-BF4B-00C04F79EFBC}") = "Cake.Ftp", "Cake.Ftp\Cake.Ftp.csproj", "{CAB6CDD6-E2B9-4657-B933-0F428C22151A}"
EndProject
Global
	GlobalSection(SolutionConfigurationPlatforms) = preSolution
		Debug|Any CPU = Debug|Any CPU
		Release|Any CPU = Release|Any CPU
	EndGlobalSection
	GlobalSection(ProjectConfigurationPlatforms) = postSolution
		{58263244-85AE-4A30-B3F2-2AE8DF4AB1AA}.Debug|Any CPU.ActiveCfg = Debug|Any CPU
		{58263244-85AE-4A30-B3F2-2AE8DF4AB1AA}.Debug|Any CPU.Build.0 = Debug|Any CPU
		{58263244-85AE-4A30-B3F2-2AE8DF4AB1AA}.Release|Any CPU.ActiveCfg = Release|Any CPU
		{58263244-85AE-4A30-B3F2-2AE8DF4AB1AA}.Release|Any CPU.Build.0 = Release|Any CPU
		{CAB6CDD6-E2B9-4657-B933-0F428C22151A}.Debug|Any CPU.ActiveCfg = Debug|Any CPU
		{CAB6CDD6-E2B9-4657-B933-0F428C22151A}.Debug|Any CPU.Build.0 = Debug|Any CPU
		{CAB6CDD6-E2B9-4657-B933-0F428C22151A}.Release|Any CPU.ActiveCfg = Release|Any CPU
		{CAB6CDD6-E2B9-4657-B933-0F428C22151A}.Release|Any CPU.Build.0 = Release|Any CPU
	EndGlobalSection
	GlobalSection(SolutionProperties) = preSolution
		HideSolutionNode = FALSE
	EndGlobalSection
	GlobalSection(ExtensibilityGlobals) = postSolution
		SolutionGuid = {61CD2000-94FE-4C8A-9DEC-0DD9903E6633}
	EndGlobalSection
EndGlobal
